
Microsoft Visual Studio Solution File, Format Version 12.00
Project("{2150E333-8FDC-42A3-9474-1A3956D46DE8}") = "src", "src", "{B4345ED1-A25D-4218-BB44-74D767764252}"
EndProject
Project("{2150E333-8FDC-42A3-9474-1A3956D46DE8}") = "Core", "Core", "{0AB5C72D-CA8C-43CA-8F72-88DC7FA58759}"
EndProject
Project("{FAE04EC0-301F-11D3-BF4B-00C04F79EFBC}") = "ProductApp.Domain", "src\Core\ProductApp.Domain\ProductApp.Domain.csproj", "{760F9D4A-4B30-444D-B1DD-6DFE0181F0A1}"
EndProject
Project("{FAE04EC0-301F-11D3-BF4B-00C04F79EFBC}") = "ProductApp.Application", "src\Core\ProductApp.Application\ProductApp.Application.csproj", "{F3DC593A-4918-4B2B-BD9C-B227748A8B0F}"
EndProject
Project("{2150E333-8FDC-42A3-9474-1A3956D46DE8}") = "Infrastructure", "Infrastructure", "{5F28339A-2476-46B0-A2D3-60805D4A11AF}"
EndProject
Project("{FAE04EC0-301F-11D3-BF4B-00C04F79EFBC}") = "ProductApp.Persistence", "src\Infrastructure\ProductApp.Persistence\ProductApp.Persistence.csproj", "{33394D43-E9F8-4FD2-A381-3F3D14D0D4E6}"
EndProject
Project("{2150E333-8FDC-42A3-9474-1A3956D46DE8}") = "WebApi", "WebApi", "{D0765AE6-73FC-42D3-9533-88279DD02021}"
EndProject
Project("{FAE04EC0-301F-11D3-BF4B-00C04F79EFBC}") = "ProductApp.WebApi", "src\WebApi\ProductApp.WebApi\ProductApp.WebApi.csproj", "{49CC062E-E1BF-457F-A375-818D816E1D2F}"
EndProject
Global
	GlobalSection(SolutionConfigurationPlatforms) = preSolution
		Debug|Any CPU = Debug|Any CPU
		Release|Any CPU = Release|Any CPU
	EndGlobalSection
	GlobalSection(NestedProjects) = preSolution
		{0AB5C72D-CA8C-43CA-8F72-88DC7FA58759} = {B4345ED1-A25D-4218-BB44-74D767764252}
		{760F9D4A-4B30-444D-B1DD-6DFE0181F0A1} = {0AB5C72D-CA8C-43CA-8F72-88DC7FA58759}
		{F3DC593A-4918-4B2B-BD9C-B227748A8B0F} = {0AB5C72D-CA8C-43CA-8F72-88DC7FA58759}
		{5F28339A-2476-46B0-A2D3-60805D4A11AF} = {B4345ED1-A25D-4218-BB44-74D767764252}
		{33394D43-E9F8-4FD2-A381-3F3D14D0D4E6} = {5F28339A-2476-46B0-A2D3-60805D4A11AF}
		{D0765AE6-73FC-42D3-9533-88279DD02021} = {B4345ED1-A25D-4218-BB44-74D767764252}
		{49CC062E-E1BF-457F-A375-818D816E1D2F} = {D0765AE6-73FC-42D3-9533-88279DD02021}
	EndGlobalSection
	GlobalSection(ProjectConfigurationPlatforms) = postSolution
		{760F9D4A-4B30-444D-B1DD-6DFE0181F0A1}.Debug|Any CPU.ActiveCfg = Debug|Any CPU
		{760F9D4A-4B30-444D-B1DD-6DFE0181F0A1}.Debug|Any CPU.Build.0 = Debug|Any CPU
		{760F9D4A-4B30-444D-B1DD-6DFE0181F0A1}.Release|Any CPU.ActiveCfg = Release|Any CPU
		{760F9D4A-4B30-444D-B1DD-6DFE0181F0A1}.Release|Any CPU.Build.0 = Release|Any CPU
		{F3DC593A-4918-4B2B-BD9C-B227748A8B0F}.Debug|Any CPU.ActiveCfg = Debug|Any CPU
		{F3DC593A-4918-4B2B-BD9C-B227748A8B0F}.Debug|Any CPU.Build.0 = Debug|Any CPU
		{F3DC593A-4918-4B2B-BD9C-B227748A8B0F}.Release|Any CPU.ActiveCfg = Release|Any CPU
		{F3DC593A-4918-4B2B-BD9C-B227748A8B0F}.Release|Any CPU.Build.0 = Release|Any CPU
		{33394D43-E9F8-4FD2-A381-3F3D14D0D4E6}.Debug|Any CPU.ActiveCfg = Debug|Any CPU
		{33394D43-E9F8-4FD2-A381-3F3D14D0D4E6}.Debug|Any CPU.Build.0 = Debug|Any CPU
		{33394D43-E9F8-4FD2-A381-3F3D14D0D4E6}.Release|Any CPU.ActiveCfg = Release|Any CPU
		{33394D43-E9F8-4FD2-A381-3F3D14D0D4E6}.Release|Any CPU.Build.0 = Release|Any CPU
		{49CC062E-E1BF-457F-A375-818D816E1D2F}.Debug|Any CPU.ActiveCfg = Debug|Any CPU
		{49CC062E-E1BF-457F-A375-818D816E1D2F}.Debug|Any CPU.Build.0 = Debug|Any CPU
		{49CC062E-E1BF-457F-A375-818D816E1D2F}.Release|Any CPU.ActiveCfg = Release|Any CPU
		{49CC062E-E1BF-457F-A375-818D816E1D2F}.Release|Any CPU.Build.0 = Release|Any CPU
	EndGlobalSection
EndGlobal
